{
    "_readme": [
        "This file locks the dependencies of your project to a known state",
        "Read more about it at https://getcomposer.org/doc/01-basic-usage.md#composer-lock-the-lock-file",
        "This file is @generated automatically"
    ],
    "content-hash": "074d5d54cef68dbb9dbc2eebc014c5ac",
    "packages": [
        {
            "name": "components/jquery",
            "version": "3.4.1",
            "source": {
                "type": "git",
                "url": "https://github.com/components/jquery.git",
                "reference": "901828b7968b18319e377dc23d466f28426ee083"
            },
            "dist": {
                "type": "zip",
                "url": "https://composer.tiki.org/dist/components/jquery/components-jquery-901828b7968b18319e377dc23d466f28426ee083-zip-d1315c.zip",
                "reference": "901828b7968b18319e377dc23d466f28426ee083",
                "shasum": "949c8bbd4280d951f119242d29ca53787b926e60"
            },
            "type": "component",
            "extra": {
                "component": {
                    "scripts": [
                        "jquery.js"
                    ],
                    "files": [
                        "jquery.min.js",
                        "jquery.min.map",
                        "jquery.slim.js",
                        "jquery.slim.min.js",
                        "jquery.slim.min.map"
                    ]
                }
            },
            "notification-url": "https://packagist.org/downloads/",
            "license": [
                "MIT"
            ],
            "authors": [
                {
                    "name": "JS Foundation and other contributors"
                }
            ],
            "description": "jQuery JavaScript Library",
            "homepage": "http://jquery.com",
            "time": "2019-10-23T05:15:13+00:00"
        },
        {
            "name": "fortawesome/font-awesome",
            "version": "5.12.0",
            "source": {
                "type": "git",
                "url": "https://github.com/FortAwesome/Font-Awesome.git",
                "reference": "d8db3d032d22e7a5e21f3b40905b7867be19bb02"
            },
            "dist": {
                "type": "zip",
                "url": "https://composer.tiki.org/dist/fortawesome/font-awesome/fortawesome-font-awesome-d8db3d032d22e7a5e21f3b40905b7867be19bb02-zip-0a996b.zip",
                "reference": "d8db3d032d22e7a5e21f3b40905b7867be19bb02",
                "shasum": "3248a212244c3e8a7d66c7309d78a82d1ca328e0"
            },
            "type": "library",
            "notification-url": "https://packagist.org/downloads/",
            "license": [
                "CC-BY-4.0",
                "OFL-1.1",
                "MIT"
            ],
            "authors": [
                {
                    "name": "Travis Chase",
                    "homepage": "http://twitter.com/supercodepoet"
                },
                {
                    "name": "Dave Gandy",
                    "homepage": "http://twitter.com/davegandy"
                },
                {
                    "name": "Rob Madole",
                    "homepage": "http://twitter.com/robmadole"
                },
                {
                    "name": "Jory Raphael",
                    "homepage": "http://twitter.com/sensibleworld"
                },
                {
                    "name": "Geremia Taglialatela",
                    "homepage": "http://twitter.com/gtagliala"
                },
                {
                    "name": "Brian Talbot",
                    "homepage": "http://twitter.com/talbs"
                },
                {
                    "name": "Mike Wilkerson",
                    "homepage": "http://twitter.com/mw77"
                }
            ],
            "description": "The iconic font, CSS, and SVG framework",
            "homepage": "https://fontawesome.com",
            "keywords": [
                "FontAwesome",
                "awesome",
                "bootstrap",
                "font",
                "icon",
                "svg"
            ],
            "time": "2019-12-10T22:52:13+00:00"
        },
        {
            "name": "harvesthq/chosen",
            "version": "v1.8.7",
            "source": {
                "type": "git",
                "url": "https://github.com/harvesthq/chosen-package.git",
                "reference": "ad86732b668627c131e61ee8f0e6e9ed52e4db8d"
            },
            "dist": {
                "type": "zip",
                "url": "https://composer.tiki.org/dist/harvesthq/chosen/harvesthq-chosen-ad86732b668627c131e61ee8f0e6e9ed52e4db8d-zip-4474a1.zip",
                "reference": "ad86732b668627c131e61ee8f0e6e9ed52e4db8d",
                "shasum": "fa12f07bf546d99a533bcc625421fec1ac48a3e5"
            },
            "type": "library",
            "notification-url": "https://packagist.org/downloads/",
            "license": [
                "MIT"
            ],
            "authors": [
                {
                    "name": "Koen Punt",
                    "homepage": "https://github.com/koenpunt"
                },
                {
                    "name": "Patrick Filler",
                    "homepage": "https://github.com/pfiller"
                },
                {
                    "name": "Christophe Coevoet",
                    "homepage": "https://github.com/stof"
                },
                {
                    "name": "Ken Earley",
                    "homepage": "https://github.com/kenearley"
                }
            ],
            "description": "Chosen is a JavaScript plugin that makes select boxes user-friendly. It is currently available in both jQuery and Prototype flavors.",
            "homepage": "https://harvesthq.github.io/chosen/",
            "keywords": [
                "dropdown",
                "form",
                "input",
                "multiselect",
                "select",
                "ui"
            ],
            "time": "2018-06-28T20:32:51+00:00"
        },
        {
            "name": "haubek/bootstrap4c-chosen",
            "version": "1.1.1",
            "source": {
                "type": "git",
                "url": "https://github.com/haubek/bootstrap4c-chosen.git",
                "reference": "6f3165a4bdd1f2783189414e4df00f6f6c9c4804"
            },
            "dist": {
                "type": "zip",
                "url": "https://composer.tiki.org/dist/haubek/bootstrap4c-chosen/haubek-bootstrap4c-chosen-6f3165a4bdd1f2783189414e4df00f6f6c9c4804-zip-9c0581.zip",
                "reference": "6f3165a4bdd1f2783189414e4df00f6f6c9c4804",
                "shasum": "07a6fd069393debe3fbb176362411963c674451e"
            },
            "require": {
                "harvesthq/chosen": "^1.8.3",
                "twbs/bootstrap": "^4.1.1"
            },
            "type": "library",
            "notification-url": "https://packagist.org/downloads/",
            "license": [
                "MIT"
            ],
            "description": "Bootstrap 4 Component - Chosen",
            "homepage": "https://haubek.github.io",
            "keywords": [
                "bootstrap",
                "chosen",
                "component",
                "css",
                "custom",
                "sass",
                "scss"
            ],
            "time": "2019-04-15T03:01:11+00:00"
        },
        {
            "name": "twbs/bootstrap",
            "version": "v4.4.1",
            "source": {
                "type": "git",
                "url": "https://github.com/twbs/bootstrap.git",
                "reference": "dca1ab7d877bc4b664b43604657a2b5fbe2b4ecb"
            },
            "dist": {
                "type": "zip",
                "url": "https://composer.tiki.org/dist/twbs/bootstrap/twbs-bootstrap-dca1ab7d877bc4b664b43604657a2b5fbe2b4ecb-zip-57dee5.zip",
                "reference": "dca1ab7d877bc4b664b43604657a2b5fbe2b4ecb",
                "shasum": "b0985916b0ae21982d0d7e3351c895535e1891d8"
            },
            "replace": {
                "twitter/bootstrap": "self.version"
            },
            "type": "library",
            "extra": {
                "branch-alias": {
                    "dev-master": "3.3.x-dev"
                }
            },
            "notification-url": "https://packagist.org/downloads/",
            "license": [
                "MIT"
            ],
            "authors": [
                {
                    "name": "Mark Otto",
                    "email": "markdotto@gmail.com"
                },
                {
                    "name": "Jacob Thornton",
                    "email": "jacobthornton@gmail.com"
                }
            ],
            "description": "The most popular front-end framework for developing responsive, mobile first projects on the web.",
            "homepage": "https://getbootstrap.com/",
            "keywords": [
                "JS",
                "css",
                "framework",
                "front-end",
                "mobile-first",
                "responsive",
                "sass",
                "web"
            ],
            "time": "2019-11-28T12:59:49+00:00"
        }
    ],
    "packages-dev": [],
    "aliases": [],
    "minimum-stability": "stable",
    "stability-flags": [],
    "prefer-stable": false,
    "prefer-lowest": false,
    "platform": [],
    "platform-dev": []
}
